
Microsoft Visual Studio Solution File, Format Version 12.00
# Visual Studio Version 17
VisualStudioVersion = 17.0.31903.59
MinimumVisualStudioVersion = 10.0.40219.1
Project("{2150E333-8FDC-42A3-9474-1A3956D46DE8}") = "DocMind", "DocMind", "{DF2FDEA5-A06A-8F51-91A4-1DB578565CAB}"
EndProject
Project("{FAE04EC0-301F-11D3-BF4B-00C04F79EFBC}") = "DocMind", "DocMind\DocMind.csproj", "{3F17E93A-C3FB-4BD6-98AC-B442E849202E}"
EndProject
Project("{FAE04EC0-301F-11D3-BF4B-00C04F79EFBC}") = "DocMind.Tests", "DocMind.Tests\DocMind.Tests.csproj", "{69709671-0B87-4747-BA37-06E498C25F76}"
EndProject
Global
	GlobalSection(SolutionConfigurationPlatforms) = preSolution
		Debug|Any CPU = Debug|Any CPU
		Debug|x64 = Debug|x64
		Debug|x86 = Debug|x86
		Release|Any CPU = Release|Any CPU
		Release|x64 = Release|x64
		Release|x86 = Release|x86
	EndGlobalSection
	GlobalSection(ProjectConfigurationPlatforms) = postSolution
		{3F17E93A-C3FB-4BD6-98AC-B442E849202E}.Debug|Any CPU.ActiveCfg = Debug|Any CPU
		{3F17E93A-C3FB-4BD6-98AC-B442E849202E}.Debug|Any CPU.Build.0 = Debug|Any CPU
		{3F17E93A-C3FB-4BD6-98AC-B442E849202E}.Debug|x64.ActiveCfg = Debug|Any CPU
		{3F17E93A-C3FB-4BD6-98AC-B442E849202E}.Debug|x64.Build.0 = Debug|Any CPU
		{3F17E93A-C3FB-4BD6-98AC-B442E849202E}.Debug|x86.ActiveCfg = Debug|Any CPU
		{3F17E93A-C3FB-4BD6-98AC-B442E849202E}.Debug|x86.Build.0 = Debug|Any CPU
		{3F17E93A-C3FB-4BD6-98AC-B442E849202E}.Release|Any CPU.ActiveCfg = Release|Any CPU
		{3F17E93A-C3FB-4BD6-98AC-B442E849202E}.Release|Any CPU.Build.0 = Release|Any CPU
		{3F17E93A-C3FB-4BD6-98AC-B442E849202E}.Release|x64.ActiveCfg = Release|Any CPU
		{3F17E93A-C3FB-4BD6-98AC-B442E849202E}.Release|x64.Build.0 = Release|Any CPU
		{3F17E93A-C3FB-4BD6-98AC-B442E849202E}.Release|x86.ActiveCfg = Release|Any CPU
		{3F17E93A-C3FB-4BD6-98AC-B442E849202E}.Release|x86.Build.0 = Release|Any CPU
		{69709671-0B87-4747-BA37-06E498C25F76}.Debug|Any CPU.ActiveCfg = Debug|Any CPU
		{69709671-0B87-4747-BA37-06E498C25F76}.Debug|Any CPU.Build.0 = Debug|Any CPU
		{69709671-0B87-4747-BA37-06E498C25F76}.Debug|x64.ActiveCfg = Debug|Any CPU
		{69709671-0B87-4747-BA37-06E498C25F76}.Debug|x64.Build.0 = Debug|Any CPU
		{69709671-0B87-4747-BA37-06E498C25F76}.Debug|x86.ActiveCfg = Debug|Any CPU
		{69709671-0B87-4747-BA37-06E498C25F76}.Debug|x86.Build.0 = Debug|Any CPU
		{69709671-0B87-4747-BA37-06E498C25F76}.Release|Any CPU.ActiveCfg = Release|Any CPU
		{69709671-0B87-4747-BA37-06E498C25F76}.Release|Any CPU.Build.0 = Release|Any CPU
		{69709671-0B87-4747-BA37-06E498C25F76}.Release|x64.ActiveCfg = Release|Any CPU
		{69709671-0B87-4747-BA37-06E498C25F76}.Release|x64.Build.0 = Release|Any CPU
		{69709671-0B87-4747-BA37-06E498C25F76}.Release|x86.ActiveCfg = Release|Any CPU
		{69709671-0B87-4747-BA37-06E498C25F76}.Release|x86.Build.0 = Release|Any CPU
	EndGlobalSection
	GlobalSection(SolutionProperties) = preSolution
		HideSolutionNode = FALSE
	EndGlobalSection
	GlobalSection(NestedProjects) = preSolution
		{3F17E93A-C3FB-4BD6-98AC-B442E849202E} = {DF2FDEA5-A06A-8F51-91A4-1DB578565CAB}
	EndGlobalSection
EndGlobal
