
Microsoft Visual Studio Solution File, Format Version 12.00
# Visual Studio Version 17
VisualStudioVersion = 17.14.36908.2 d17.14
MinimumVisualStudioVersion = 10.0.40219.1
Project("{FAE04EC0-301F-11D3-BF4B-00C04F79EFBC}") = "DocMind", "DocMind.csproj", "{976818F6-ACAA-4E72-9844-2A8B1F12595F}"
EndProject
Global
	GlobalSection(SolutionConfigurationPlatforms) = preSolution
		Debug|Any CPU = Debug|Any CPU
		Release|Any CPU = Release|Any CPU
	EndGlobalSection
	GlobalSection(ProjectConfigurationPlatforms) = postSolution
		{976818F6-ACAA-4E72-9844-2A8B1F12595F}.Debug|Any CPU.ActiveCfg = Debug|Any CPU
		{976818F6-ACAA-4E72-9844-2A8B1F12595F}.Debug|Any CPU.Build.0 = Debug|Any CPU
		{976818F6-ACAA-4E72-9844-2A8B1F12595F}.Release|Any CPU.ActiveCfg = Release|Any CPU
		{976818F6-ACAA-4E72-9844-2A8B1F12595F}.Release|Any CPU.Build.0 = Release|Any CPU
	EndGlobalSection
	GlobalSection(SolutionProperties) = preSolution
		HideSolutionNode = FALSE
	EndGlobalSection
	GlobalSection(ExtensibilityGlobals) = postSolution
		SolutionGuid = {C731FA49-0891-42EE-82B1-9A7BA5AD0317}
	EndGlobalSection
EndGlobal
